<?xml version="1.0" encoding="utf-8"?>
<Project ToolsVersion="4.0" xmlns="http://schemas.microsoft.com/developer/msbuild/2003">
  <ItemGroup>
    <Filter Include="Source Files">
      <UniqueIdentifier>{4FC737F1-C7A5-4376-A066-2A32D752A2FF}</UniqueIdentifier>
      <Extensions>cpp;c;cc;cxx;def;odl;idl;hpj;bat;asm;asmx</Extensions>
    </Filter>
    <Filter Include="Header Files">
      <UniqueIdentifier>{93995380-89BD-4b04-88EB-625FBE52EBFB}</UniqueIdentifier>
      <Extensions>h;hh;hpp;hxx;hm;inl;inc;ipp;xsd</Extensions>
    </Filter>
    <Filter Include="Resource Files">
      <UniqueIdentifier>{67DA6AB6-F800-4c08-8B7A-83BB121AAD01}</UniqueIdentifier>
      <Extensions>rc;ico;cur;bmp;dlg;rc2;rct;bin;rgs;gif;jpg;jpeg;jpe;resx;tiff;tif;png;wav;mfcribbon-ms</Extensions>
    </Filter>
  </ItemGroup>
  <ItemGroup>
    <ClInclude Include="include\order-p3\evaluation\Configuration.h">
      <Filter>Header Files</Filter>
    </ClInclude>
    <ClInclude Include="include\order-p3\evaluation\Evaluation.h">
      <Filter>Header Files</Filter>
    </ClInclude>
    <ClInclude Include="include\order-p3\evaluation\Evaluator.h">
      <Filter>Header Files</Filter>
    </ClInclude>
    <ClInclude Include="include\order-p3\evaluation\Util.h">
      <Filter>Header Files</Filter>
    </ClInclude>
    <ClInclude Include="include\order-p3\problem\Problem.h">
      <Filter>Header Files</Filter>
    </ClInclude>
    <ClInclude Include="include\order-p3\local_optimizers\SwapHillClimber.h">
      <Filter>Header Files</Filter>
    </ClInclude>
    <ClInclude Include="include\order-p3\util\PairHasher.h">
      <Filter>Header Files</Filter>
    </ClInclude>
    <ClInclude Include="include\order-p3\util\Timer.h">
      <Filter>Header Files</Filter>
    </ClInclude>
    <ClInclude Include="include\order-p3\util\VectorHasher.h">
      <Filter>Header Files</Filter>
    </ClInclude>
    <ClInclude Include="include\order-p3\optimizer\Linkage.h">
      <Filter>Header Files</Filter>
    </ClInclude>
    <ClInclude Include="include\order-p3\optimizer\Population.h">
      <Filter>Header Files</Filter>
    </ClInclude>
    <ClInclude Include="include\order-p3\optimizer\Pyramid.h">
      <Filter>Header Files</Filter>
    </ClInclude>
    <ClInclude Include="include\order-p3\optimizer\encoding\RandomKeyDecoder.h">
      <Filter>Header Files</Filter>
    </ClInclude>
    <ClInclude Include="include\order-p3\optimizer\encoding\RandomKeyEncoder.h">
      <Filter>Header Files</Filter>
    </ClInclude>
    <ClInclude Include="include\order-p3\optimizer\solution\SolutionFactory.h">
      <Filter>Header Files</Filter>
    </ClInclude>
    <ClInclude Include="include\order-p3\optimizer\solution\Solution.h">
      <Filter>Header Files</Filter>
    </ClInclude>
    <ClInclude Include="include\order-p3\local_optimizers\LocalOptimizer.h">
      <Filter>Header Files</Filter>
    </ClInclude>
    <ClInclude Include="include\order-p3\optimizer\PopulationFactory.h">
      <Filter>Header Files</Filter>
    </ClInclude>
    <ClInclude Include="include\order-p3\optimizer\PopulationFactoryImpl.h">
      <Filter>Header Files</Filter>
    </ClInclude>
    <ClInclude Include="include\order-p3\optimizer\solution\SolutionMixer.h">
      <Filter>Header Files</Filter>
    </ClInclude>
    <ClInclude Include="include\order-p3\optimizer\solution\OptimalMixer.h">
      <Filter>Header Files</Filter>
    </ClInclude>
    <ClInclude Include="include\order-p3\optimizer\solution\SolutionFactoryImpl.h">
      <Filter>Header Files</Filter>
    </ClInclude>
    <ClInclude Include="include\order-p3\problem\travelling_thief\City.h">
      <Filter>Header Files</Filter>
    </ClInclude>
    <ClInclude Include="include\order-p3\problem\travelling_thief\KnapsackItem.h">
      <Filter>Header Files</Filter>
    </ClInclude>
    <ClInclude Include="include\order-p3\problem\travelling_thief\TTPProblem.h">
      <Filter>Header Files</Filter>
    </ClInclude>
  </ItemGroup>
  <ItemGroup>
    <ClCompile Include="src\evaluation\Configuration.cpp">
      <Filter>Source Files</Filter>
    </ClCompile>
    <ClCompile Include="src\evaluation\Evaluation.cpp">
      <Filter>Source Files</Filter>
    </ClCompile>
    <ClCompile Include="src\evaluation\Evaluator.cpp">
      <Filter>Source Files</Filter>
    </ClCompile>
    <ClCompile Include="src\evaluation\Util.cpp">
      <Filter>Source Files</Filter>
    </ClCompile>
    <ClCompile Include="src\local_optimizers\SwapHillClimber.cpp">
      <Filter>Source Files</Filter>
    </ClCompile>
    <ClCompile Include="src\util\VectorHasher.cpp">
      <Filter>Source Files</Filter>
    </ClCompile>
    <ClCompile Include="src\util\Timer.cpp">
      <Filter>Source Files</Filter>
    </ClCompile>
    <ClCompile Include="src\optimizer\Linkage.cpp">
      <Filter>Source Files</Filter>
    </ClCompile>
    <ClCompile Include="src\optimizer\Population.cpp">
      <Filter>Source Files</Filter>
    </ClCompile>
    <ClCompile Include="src\optimizer\Pyramid.cpp">
      <Filter>Source Files</Filter>
    </ClCompile>
    <ClCompile Include="src\optimizer\encoding\RandomKeyDecoder.cpp">
      <Filter>Source Files</Filter>
    </ClCompile>
    <ClCompile Include="src\optimizer\encoding\RandomKeyEncoder.cpp">
      <Filter>Source Files</Filter>
    </ClCompile>
    <ClCompile Include="src\optimizer\solution\Solution.cpp">
      <Filter>Source Files</Filter>
    </ClCompile>
    <ClCompile Include="src\local_optimizers\LocalOptimizer.cpp">
      <Filter>Source Files</Filter>
    </ClCompile>
    <ClCompile Include="src\optimizer\solution\OptimalMixer.cpp">
      <Filter>Source Files</Filter>
    </ClCompile>
    <ClCompile Include="src\optimizer\PopulationFactoryImpl.cpp">
      <Filter>Source Files</Filter>
    </ClCompile>
    <ClCompile Include="src\optimizer\main.cpp">
      <Filter>Source Files</Filter>
    </ClCompile>
    <ClCompile Include="src\optimizer\solution\SolutionFactoryImpl.cpp">
      <Filter>Source Files</Filter>
    </ClCompile>
    <ClCompile Include="src\problem\travelling_thief\City.cpp">
      <Filter>Source Files</Filter>
    </ClCompile>
    <ClCompile Include="src\problem\travelling_thief\KnapsackItem.cpp">
      <Filter>Source Files</Filter>
    </ClCompile>
    <ClCompile Include="src\problem\travelling_thief\TTPProblem.cpp">
      <Filter>Source Files</Filter>
    </ClCompile>
  </ItemGroup>
</Project>